
Microsoft Visual Studio Solution File, Format Version 12.00
# Visual Studio Version 17
VisualStudioVersion = 17.14.36327.8 d17.14
MinimumVisualStudioVersion = 10.0.40219.1
Project("{8BC9CEB8-8B4A-11D0-8D11-00A0C91BC942}") = "Project_stack", "Project_stack.vcxproj", "{6485B9BF-1717-42D0-B16A-317B7CD6D808}"
EndProject
Global
	GlobalSection(SolutionConfigurationPlatforms) = preSolution
		Debug|x64 = Debug|x64
		Debug|x86 = Debug|x86
		Release|x64 = Release|x64
		Release|x86 = Release|x86
	EndGlobalSection
	GlobalSection(ProjectConfigurationPlatforms) = postSolution
		{6485B9BF-1717-42D0-B16A-317B7CD6D808}.Debug|x64.ActiveCfg = Debug|x64
		{6485B9BF-1717-42D0-B16A-317B7CD6D808}.Debug|x64.Build.0 = Debug|x64
		{6485B9BF-1717-42D0-B16A-317B7CD6D808}.Debug|x86.ActiveCfg = Debug|Win32
		{6485B9BF-1717-42D0-B16A-317B7CD6D808}.Debug|x86.Build.0 = Debug|Win32
		{6485B9BF-1717-42D0-B16A-317B7CD6D808}.Release|x64.ActiveCfg = Release|x64
		{6485B9BF-1717-42D0-B16A-317B7CD6D808}.Release|x64.Build.0 = Release|x64
		{6485B9BF-1717-42D0-B16A-317B7CD6D808}.Release|x86.ActiveCfg = Release|Win32
		{6485B9BF-1717-42D0-B16A-317B7CD6D808}.Release|x86.Build.0 = Release|Win32
	EndGlobalSection
	GlobalSection(SolutionProperties) = preSolution
		HideSolutionNode = FALSE
	EndGlobalSection
	GlobalSection(ExtensibilityGlobals) = postSolution
		SolutionGuid = {1DBA2D19-7433-4E37-9322-02ED56946AEC}
	EndGlobalSection
EndGlobal
